# This file is automatically @generated by Cargo.
# It is not intended for manual editing.
version = 3

[[package]]
name = "cr4t3"
version = "3.0.0"
source = "registry+https://github.com/rust-lang/crates.io-index"
checksum = "733c0c703e16afe85bb738693b9819332002de9b31584b8d41162ce8f0959bde"

[[package]]
name = "hello"
version = "0.1.0"
dependencies = [
 "cr4t3",
]
